
Microsoft Visual Studio Solution File, Format Version 12.00
# Visual Studio Version 17
VisualStudioVersion = 17.14.36221.1 d17.14
MinimumVisualStudioVersion = 10.0.40219.1
Project("{FAE04EC0-301F-11D3-BF4B-00C04F79EFBC}") = "FileComparerApp", "FileComparerApp\FileComparerApp.csproj", "{B9586EE0-1A09-45AE-BCDD-7DEBBA09760B}"
EndProject
Global
	GlobalSection(SolutionConfigurationPlatforms) = preSolution
		Debug|Any CPU = Debug|Any CPU
		Release|Any CPU = Release|Any CPU
	EndGlobalSection
	GlobalSection(ProjectConfigurationPlatforms) = postSolution
		{B9586EE0-1A09-45AE-BCDD-7DEBBA09760B}.Debug|Any CPU.ActiveCfg = Debug|Any CPU
		{B9586EE0-1A09-45AE-BCDD-7DEBBA09760B}.Debug|Any CPU.Build.0 = Debug|Any CPU
		{B9586EE0-1A09-45AE-BCDD-7DEBBA09760B}.Release|Any CPU.ActiveCfg = Release|Any CPU
		{B9586EE0-1A09-45AE-BCDD-7DEBBA09760B}.Release|Any CPU.Build.0 = Release|Any CPU
	EndGlobalSection
	GlobalSection(SolutionProperties) = preSolution
		HideSolutionNode = FALSE
	EndGlobalSection
	GlobalSection(ExtensibilityGlobals) = postSolution
		SolutionGuid = {528FF2C1-C402-4C05-B77E-EF04AB72728D}
	EndGlobalSection
EndGlobal
